{
  "name": "vscode-intelephense-server",
  "version": "0.7.2",
  "lockfileVersion": 1,
  "dependencies": {
    "@types/node": {
      "version": "6.0.79",
      "resolved": "https://registry.npmjs.org/@types/node/-/node-6.0.79.tgz",
      "integrity": "sha512-7F3/P6MkTPA0QxOstRqfcnoReCUy5V/QG92cyBoZSPnqdX44L8TtNELSVfN56gAttm3YWj9cEi8FRIPVq0WmeQ==",
      "dev": true
    },
    "intelephense": {
      "version": "git+https://github.com/bmewburn/intelephense.git#1e129d7a0c1c0222584a51f1d5990eb3b123bbb8",
      "dependencies": {
        "php7parser": {
          "version": "1.0.0",
          "resolved": "https://registry.npmjs.org/php7parser/-/php7parser-1.0.0.tgz",
          "integrity": "sha512-SP+Abxsz6cmUEKAS9rPEGLPFFXn7Cipk60i6mVfVA/uROb/jIbe2Eoba97MF5YJodExyl7ycZvcBUugAgPB3KA=="
        },
        "vscode-languageserver-types": {
          "version": "3.4.0",
          "resolved": "https://registry.npmjs.org/vscode-languageserver-types/-/vscode-languageserver-types-3.4.0.tgz",
          "integrity": "sha1-UEOuR+5KwWrwe7PQylYSNeDA0vo="
        }
      }
    },
    "typescript": {
      "version": "2.4.1",
      "resolved": "https://registry.npmjs.org/typescript/-/typescript-2.4.1.tgz",
      "integrity": "sha1-w8yxbdqgsjFN4DHn5v7onlujRrw=",
      "dev": true
    },
    "vscode-jsonrpc": {
      "version": "3.3.1",
      "resolved": "https://registry.npmjs.org/vscode-jsonrpc/-/vscode-jsonrpc-3.3.1.tgz",
      "integrity": "sha512-iLlG27498AJF0j4GJ4yua7Z9bpJfLfwpAaAA9mihe6VDoYHwK8TyFgnpXdgjoTb8X9/DnzimQeg0bjIWINvPWw=="
    },
    "vscode-languageserver": {
      "version": "3.3.0",
      "resolved": "https://registry.npmjs.org/vscode-languageserver/-/vscode-languageserver-3.3.0.tgz",
      "integrity": "sha512-8YvEbjl77Nl24/cgcSbQC/CPEhSoJwvLLKGJZJbIF4DsGo4jrVDbuARXfmUt9S6vCEEr++o3fbbZ17iLZ0QH0A=="
    },
    "vscode-languageserver-types": {
      "version": "3.3.0",
      "resolved": "https://registry.npmjs.org/vscode-languageserver-types/-/vscode-languageserver-types-3.3.0.tgz",
      "integrity": "sha512-5BMClM4D3mRl5JlWFxIxhhJAbcVW9dFviz8ubppmG8epCTzl1bPpndcnvsjOjUlVsO9V8l8Ktklqc70Ew6soew=="
    }
  }
}
