{
  "name": "vscode-intelephense-server",
  "version": "0.8.0",
  "lockfileVersion": 1,
  "dependencies": {
    "@types/node": {
      "version": "6.0.90",
      "resolved": "https://registry.npmjs.org/@types/node/-/node-6.0.90.tgz",
      "integrity": "sha512-tXoGRVdi7wZX7P1VWoV9Wfk0uYDOAHdEYXAttuWgSrN76Q32wQlSrMX0Rgyv3RTEaQY2ZLQrzYHVM2e8rfo8sA==",
      "dev": true
    },
    "fs-extra": {
      "version": "4.0.2",
      "resolved": "https://registry.npmjs.org/fs-extra/-/fs-extra-4.0.2.tgz",
      "integrity": "sha1-+RcExT0bRh+JNFKwwwfZmXZHq2s="
    },
    "graceful-fs": {
      "version": "4.1.11",
      "resolved": "https://registry.npmjs.org/graceful-fs/-/graceful-fs-4.1.11.tgz",
      "integrity": "sha1-Dovf5NHduIVNZOBOp8AOKgJuVlg="
    },
    "intelephense": {
      "version": "git+https://github.com/bmewburn/intelephense.git#71b15a0b474ea40ad8d6c49d668f3fc3034358b7"
    },
    "jsonfile": {
      "version": "4.0.0",
      "resolved": "https://registry.npmjs.org/jsonfile/-/jsonfile-4.0.0.tgz",
      "integrity": "sha1-h3Gq4HmbZAdrdmQPygWPnBDjPss="
    },
    "php7parser": {
      "version": "1.0.2",
      "resolved": "https://registry.npmjs.org/php7parser/-/php7parser-1.0.2.tgz",
      "integrity": "sha512-yscWbZXwjGwDjAv6Sdb/y5SDKS/+u6DH6RIATw8MULlO1/LFo73oDKK6OdetHSgEL4qkO+sUB3oAkVjL5wAm7w=="
    },
    "typescript": {
      "version": "2.6.1",
      "resolved": "https://registry.npmjs.org/typescript/-/typescript-2.6.1.tgz",
      "integrity": "sha1-7znN6ierrAtQAkLWcmq5DgyEZjE=",
      "dev": true
    },
    "universalify": {
      "version": "0.1.1",
      "resolved": "https://registry.npmjs.org/universalify/-/universalify-0.1.1.tgz",
      "integrity": "sha1-+nG63UQ3r0wUiEHjs7Fl+enlkLc="
    },
    "vscode-jsonrpc": {
      "version": "3.4.1",
      "resolved": "https://registry.npmjs.org/vscode-jsonrpc/-/vscode-jsonrpc-3.4.1.tgz",
      "integrity": "sha1-4uC54SH3GitUSAWKNKOu+DdqXpE="
    },
    "vscode-languageserver": {
      "version": "3.4.3",
      "resolved": "https://registry.npmjs.org/vscode-languageserver/-/vscode-languageserver-3.4.3.tgz",
      "integrity": "sha1-g/6pa8XglFSaClzj73a1PXrUBQg="
    },
    "vscode-languageserver-protocol": {
      "version": "3.4.4",
      "resolved": "https://registry.npmjs.org/vscode-languageserver-protocol/-/vscode-languageserver-protocol-3.4.4.tgz",
      "integrity": "sha1-A4e7Sb0PgF6QSMaVmX29Qw1uyig="
    },
    "vscode-languageserver-types": {
      "version": "3.4.0",
      "resolved": "https://registry.npmjs.org/vscode-languageserver-types/-/vscode-languageserver-types-3.4.0.tgz",
      "integrity": "sha1-UEOuR+5KwWrwe7PQylYSNeDA0vo="
    },
    "vscode-uri": {
      "version": "1.0.1",
      "resolved": "https://registry.npmjs.org/vscode-uri/-/vscode-uri-1.0.1.tgz",
      "integrity": "sha1-Eahr7+rDxKo+wIYjZRo8gabQu8g="
    }
  }
}
