{
  "name": "vscode-intelephense-server",
  "version": "0.7.0",
  "lockfileVersion": 1,
  "dependencies": {
    "@types/node": {
      "version": "6.0.78",
      "resolved": "https://registry.npmjs.org/@types/node/-/node-6.0.78.tgz",
      "integrity": "sha512-+vD6E8ixntRzzZukoF3uP1iV+ZjVN3koTcaeK+BEoc/kSfGbLDIGC7RmCaUgVpUfN6cWvfczFRERCyKM9mkvXg==",
      "dev": true
    },
    "intelephense": {
      "version": "git+https://github.com/bmewburn/intelephense.git#fb1ce0ad1039ca982db76be4c4e9266519a53050"
    },
    "php7parser": {
      "version": "0.9.8",
      "resolved": "https://registry.npmjs.org/php7parser/-/php7parser-0.9.8.tgz",
      "integrity": "sha512-63I8d4T+Pea2QH3ZNWnL4Nw9RCOIur5V7JW7Nb3iHLB8dOkawnyiI+IOsIKuGWFiWUAu0gw9Ri9Ae3Mwi1PZKg=="
    },
    "typescript": {
      "version": "2.3.4",
      "resolved": "https://registry.npmjs.org/typescript/-/typescript-2.3.4.tgz",
      "integrity": "sha1-PTgyGCgjHkNPKHUUlZw3qCtin0I=",
      "dev": true
    },
    "vscode-jsonrpc": {
      "version": "3.3.1",
      "resolved": "https://registry.npmjs.org/vscode-jsonrpc/-/vscode-jsonrpc-3.3.1.tgz",
      "integrity": "sha512-iLlG27498AJF0j4GJ4yua7Z9bpJfLfwpAaAA9mihe6VDoYHwK8TyFgnpXdgjoTb8X9/DnzimQeg0bjIWINvPWw=="
    },
    "vscode-languageserver": {
      "version": "3.3.0",
      "resolved": "https://registry.npmjs.org/vscode-languageserver/-/vscode-languageserver-3.3.0.tgz",
      "integrity": "sha512-8YvEbjl77Nl24/cgcSbQC/CPEhSoJwvLLKGJZJbIF4DsGo4jrVDbuARXfmUt9S6vCEEr++o3fbbZ17iLZ0QH0A=="
    },
    "vscode-languageserver-types": {
      "version": "3.3.0",
      "resolved": "https://registry.npmjs.org/vscode-languageserver-types/-/vscode-languageserver-types-3.3.0.tgz",
      "integrity": "sha512-5BMClM4D3mRl5JlWFxIxhhJAbcVW9dFviz8ubppmG8epCTzl1bPpndcnvsjOjUlVsO9V8l8Ktklqc70Ew6soew=="
    }
  }
}
